// !$*UTF8*$!
{
	archiveVersion = 1;
	classes = {
	};
	objectVersion = 46;
	objects = {

/* Begin PBXBuildFile section */
		02350C021EF8A70500ABDAC9 /* AppDelegate.swift in Sources */ = {isa = PBXBuildFile; fileRef = 02350C011EF8A70500ABDAC9 /* AppDelegate.swift */; };
		02350C041EF8A70500ABDAC9 /* ViewController.swift in Sources */ = {isa = PBXBuildFile; fileRef = 02350C031EF8A70500ABDAC9 /* ViewController.swift */; };
		02350C061EF8A70500ABDAC9 /* Assets.xcassets in Resources */ = {isa = PBXBuildFile; fileRef = 02350C051EF8A70500ABDAC9 /* Assets.xcassets */; };
		02350C091EF8A70500ABDAC9 /* Main.storyboard in Resources */ = {isa = PBXBuildFile; fileRef = 02350C071EF8A70500ABDAC9 /* Main.storyboard */; };
		02350C141EF8A70500ABDAC9 /* Xcode8GithubTests.swift in Sources */ = {isa = PBXBuildFile; fileRef = 02350C131EF8A70500ABDAC9 /* Xcode8GithubTests.swift */; };
		02350C1F1EF8A70500ABDAC9 /* Xcode8GithubUITests.swift in Sources */ = {isa = PBXBuildFile; fileRef = 02350C1E1EF8A70500ABDAC9 /* Xcode8GithubUITests.swift */; };
/* End PBXBuildFile section */

/* Begin PBXContainerItemProxy section */
		02350C101EF8A70500ABDAC9 /* PBXContainerItemProxy */ = {
			isa = PBXContainerItemProxy;
			containerPortal = 02350BF61EF8A70500ABDAC9 /* Project object */;
			proxyType = 1;
			remoteGlobalIDString = 02350BFD1EF8A70500ABDAC9;
			remoteInfo = Xcode8Github;
		};
		02350C1B1EF8A70500ABDAC9 /* PBXContainerItemProxy */ = {
			isa = PBXContainerItemProxy;
			containerPortal = 02350BF61EF8A70500ABDAC9 /* Project object */;
			proxyType = 1;
			remoteGlobalIDString = 02350BFD1EF8A70500ABDAC9;
			remoteInfo = Xcode8Github;
		};
/* End PBXContainerItemProxy section */

/* Begin PBXFileReference section */
		02350BFE1EF8A70500ABDAC9 /* Xcode8Github.app */ = {isa = PBXFileReference; explicitFileType = wrapper.application; includeInIndex = 0; path = Xcode8Github.app; sourceTree = BUILT_PRODUCTS_DIR; };
		02350C011EF8A70500ABDAC9 /* AppDelegate.swift */ = {isa = PBXFileReference; lastKnownFileType = sourcecode.swift; path = AppDelegate.swift; sourceTree = "<group>"; };
		02350C031EF8A70500ABDAC9 /* ViewController.swift */ = {isa = PBXFileReference; lastKnownFileType = sourcecode.swift; path = ViewController.swift; sourceTree = "<group>"; };
		02350C051EF8A70500ABDAC9 /* Assets.xcassets */ = {isa = PBXFileReference; lastKnownFileType = folder.assetcatalog; path = Assets.xcassets; sourceTree = "<group>"; };
		02350C081EF8A70500ABDAC9 /* Base */ = {isa = PBXFileReference; lastKnownFileType = file.storyboard; name = Base; path = Base.lproj/Main.storyboard; sourceTree = "<group>"; };
		02350C0A1EF8A70500ABDAC9 /* Info.plist */ = {isa = PBXFileReference; lastKnownFileType = text.plist.xml; path = Info.plist; sourceTree = "<group>"; };
		02350C0F1EF8A70500ABDAC9 /* Xcode8GithubTests.xctest */ = {isa = PBXFileReference; explicitFileType = wrapper.cfbundle; includeInIndex = 0; path = Xcode8GithubTests.xctest; sourceTree = BUILT_PRODUCTS_DIR; };
		02350C131EF8A70500ABDAC9 /* Xcode8GithubTests.swift */ = {isa = PBXFileReference; lastKnownFileType = sourcecode.swift; path = Xcode8GithubTests.swift; sourceTree = "<group>"; };
		02350C151EF8A70500ABDAC9 /* Info.plist */ = {isa = PBXFileReference; lastKnownFileType = text.plist.xml; path = Info.plist; sourceTree = "<group>"; };
		02350C1A1EF8A70500ABDAC9 /* Xcode8GithubUITests.xctest */ = {isa = PBXFileReference; explicitFileType = wrapper.cfbundle; includeInIndex = 0; path = Xcode8GithubUITests.xctest; sourceTree = BUILT_PRODUCTS_DIR; };
		02350C1E1EF8A70500ABDAC9 /* Xcode8GithubUITests.swift */ = {isa = PBXFileReference; lastKnownFileType = sourcecode.swift; path = Xcode8GithubUITests.swift; sourceTree = "<group>"; };
		02350C201EF8A70500ABDAC9 /* Info.plist */ = {isa = PBXFileReference; lastKnownFileType = text.plist.xml; path = Info.plist; sourceTree = "<group>"; };
/* End PBXFileReference section */

/* Begin PBXFrameworksBuildPhase section */
		02350BFB1EF8A70500ABDAC9 /* Frameworks */ = {
			isa = PBXFrameworksBuildPhase;
			buildActionMask = 2147483647;
			files = (
			);
			runOnlyForDeploymentPostprocessing = 0;
		};
		02350C0C1EF8A70500ABDAC9 /* Frameworks */ = {
			isa = PBXFrameworksBuildPhase;
			buildActionMask = 2147483647;
			files = (
			);
			runOnlyForDeploymentPostprocessing = 0;
		};
		02350C171EF8A70500ABDAC9 /* Frameworks */ = {
			isa = PBXFrameworksBuildPhase;
			buildActionMask = 2147483647;
			files = (
			);
			runOnlyForDeploymentPostprocessing = 0;
		};
/* End PBXFrameworksBuildPhase section */

/* Begin PBXGroup section */
		02350BF51EF8A70500ABDAC9 = {
			isa = PBXGroup;
			children = (
				02350C001EF8A70500ABDAC9 /* Xcode8Github */,
				02350C121EF8A70500ABDAC9 /* Xcode8GithubTests */,
				02350C1D1EF8A70500ABDAC9 /* Xcode8GithubUITests */,
				02350BFF1EF8A70500ABDAC9 /* Products */,
			);
			sourceTree = "<group>";
		};
		02350BFF1EF8A70500ABDAC9 /* Products */ = {
			isa = PBXGroup;
			children = (
				02350BFE1EF8A70500ABDAC9 /* Xcode8Github.app */,
				02350C0F1EF8A70500ABDAC9 /* Xcode8GithubTests.xctest */,
				02350C1A1EF8A70500ABDAC9 /* Xcode8GithubUITests.xctest */,
			);
			name = Products;
			sourceTree = "<group>";
		};
		02350C001EF8A70500ABDAC9 /* Xcode8Github */ = {
			isa = PBXGroup;
			children = (
				02350C011EF8A70500ABDAC9 /* AppDelegate.swift */,
				02350C031EF8A70500ABDAC9 /* ViewController.swift */,
				02350C051EF8A70500ABDAC9 /* Assets.xcassets */,
				02350C071EF8A70500ABDAC9 /* Main.storyboard */,
				02350C0A1EF8A70500ABDAC9 /* Info.plist */,
			);
			path = Xcode8Github;
			sourceTree = "<group>";
		};
		02350C121EF8A70500ABDAC9 /* Xcode8GithubTests */ = {
			isa = PBXGroup;
			children = (
				02350C131EF8A70500ABDAC9 /* Xcode8GithubTests.swift */,
				02350C151EF8A70500ABDAC9 /* Info.plist */,
			);
			path = Xcode8GithubTests;
			sourceTree = "<group>";
		};
		02350C1D1EF8A70500ABDAC9 /* Xcode8GithubUITests */ = {
			isa = PBXGroup;
			children = (
				02350C1E1EF8A70500ABDAC9 /* Xcode8GithubUITests.swift */,
				02350C201EF8A70500ABDAC9 /* Info.plist */,
			);
			path = Xcode8GithubUITests;
			sourceTree = "<group>";
		};
/* End PBXGroup section */

/* Begin PBXNativeTarget section */
		02350BFD1EF8A70500ABDAC9 /* Xcode8Github */ = {
			isa = PBXNativeTarget;
			buildConfigurationList = 02350C231EF8A70500ABDAC9 /* Build configuration list for PBXNativeTarget "Xcode8Github" */;
			buildPhases = (
				02350BFA1EF8A70500ABDAC9 /* Sources */,
				02350BFB1EF8A70500ABDAC9 /* Frameworks */,
				02350BFC1EF8A70500ABDAC9 /* Resources */,
			);
			buildRules = (
			);
			dependencies = (
			);
			name = Xcode8Github;
			productName = Xcode8Github;
			productReference = 02350BFE1EF8A70500ABDAC9 /* Xcode8Github.app */;
			productType = "com.apple.product-type.application";
		};
		02350C0E1EF8A70500ABDAC9 /* Xcode8GithubTests */ = {
			isa = PBXNativeTarget;
			buildConfigurationList = 02350C261EF8A70500ABDAC9 /* Build configuration list for PBXNativeTarget "Xcode8GithubTests" */;
			buildPhases = (
				02350C0B1EF8A70500ABDAC9 /* Sources */,
				02350C0C1EF8A70500ABDAC9 /* Frameworks */,
				02350C0D1EF8A70500ABDAC9 /* Resources */,
			);
			buildRules = (
			);
			dependencies = (
				02350C111EF8A70500ABDAC9 /* PBXTargetDependency */,
			);
			name = Xcode8GithubTests;
			productName = Xcode8GithubTests;
			productReference = 02350C0F1EF8A70500ABDAC9 /* Xcode8GithubTests.xctest */;
			productType = "com.apple.product-type.bundle.unit-test";
		};
		02350C191EF8A70500ABDAC9 /* Xcode8GithubUITests */ = {
			isa = PBXNativeTarget;
			buildConfigurationList = 02350C291EF8A70500ABDAC9 /* Build configuration list for PBXNativeTarget "Xcode8GithubUITests" */;
			buildPhases = (
				02350C161EF8A70500ABDAC9 /* Sources */,
				02350C171EF8A70500ABDAC9 /* Frameworks */,
				02350C181EF8A70500ABDAC9 /* Resources */,
			);
			buildRules = (
			);
			dependencies = (
				02350C1C1EF8A70500ABDAC9 /* PBXTargetDependency */,
			);
			name = Xcode8GithubUITests;
			productName = Xcode8GithubUITests;
			productReference = 02350C1A1EF8A70500ABDAC9 /* Xcode8GithubUITests.xctest */;
			productType = "com.apple.product-type.bundle.ui-testing";
		};
/* End PBXNativeTarget section */

/* Begin PBXProject section */
		02350BF61EF8A70500ABDAC9 /* Project object */ = {
			isa = PBXProject;
			attributes = {
				LastSwiftUpdateCheck = 0830;
				LastUpgradeCheck = 0830;
				ORGANIZATIONNAME = "Patrick Levesque";
				TargetAttributes = {
					02350BFD1EF8A70500ABDAC9 = {
						CreatedOnToolsVersion = 8.3.3;
						ProvisioningStyle = Automatic;
					};
					02350C0E1EF8A70500ABDAC9 = {
						CreatedOnToolsVersion = 8.3.3;
						ProvisioningStyle = Automatic;
						TestTargetID = 02350BFD1EF8A70500ABDAC9;
					};
					02350C191EF8A70500ABDAC9 = {
						CreatedOnToolsVersion = 8.3.3;
						ProvisioningStyle = Automatic;
						TestTargetID = 02350BFD1EF8A70500ABDAC9;
					};
				};
			};
			buildConfigurationList = 02350BF91EF8A70500ABDAC9 /* Build configuration list for PBXProject "Xcode8Github" */;
			compatibilityVersion = "Xcode 3.2";
			developmentRegion = English;
			hasScannedForEncodings = 0;
			knownRegions = (
				en,
				Base,
			);
			mainGroup = 02350BF51EF8A70500ABDAC9;
			productRefGroup = 02350BFF1EF8A70500ABDAC9 /* Products */;
			projectDirPath = "";
			projectRoot = "";
			targets = (
				02350BFD1EF8A70500ABDAC9 /* Xcode8Github */,
				02350C0E1EF8A70500ABDAC9 /* Xcode8GithubTests */,
				02350C191EF8A70500ABDAC9 /* Xcode8GithubUITests */,
			);
		};
/* End PBXProject section */

/* Begin PBXResourcesBuildPhase section */
		02350BFC1EF8A70500ABDAC9 /* Resources */ = {
			isa = PBXResourcesBuildPhase;
			buildActionMask = 2147483647;
			files = (
				02350C061EF8A70500ABDAC9 /* Assets.xcassets in Resources */,
				02350C091EF8A70500ABDAC9 /* Main.storyboard in Resources */,
			);
			runOnlyForDeploymentPostprocessing = 0;
		};
		02350C0D1EF8A70500ABDAC9 /* Resources */ = {
			isa = PBXResourcesBuildPhase;
			buildActionMask = 2147483647;
			files = (
			);
			runOnlyForDeploymentPostprocessing = 0;
		};
		02350C181EF8A70500ABDAC9 /* Resources */ = {
			isa = PBXResourcesBuildPhase;
			buildActionMask = 2147483647;
			files = (
			);
			runOnlyForDeploymentPostprocessing = 0;
		};
/* End PBXResourcesBuildPhase section */

/* Begin PBXSourcesBuildPhase section */
		02350BFA1EF8A70500ABDAC9 /* Sources */ = {
			isa = PBXSourcesBuildPhase;
			buildActionMask = 2147483647;
			files = (
				02350C041EF8A70500ABDAC9 /* ViewController.swift in Sources */,
				02350C021EF8A70500ABDAC9 /* AppDelegate.swift in Sources */,
			);
			runOnlyForDeploymentPostprocessing = 0;
		};
		02350C0B1EF8A70500ABDAC9 /* Sources */ = {
			isa = PBXSourcesBuildPhase;
			buildActionMask = 2147483647;
			files = (
				02350C141EF8A70500ABDAC9 /* Xcode8GithubTests.swift in Sources */,
			);
			runOnlyForDeploymentPostprocessing = 0;
		};
		02350C161EF8A70500ABDAC9 /* Sources */ = {
			isa = PBXSourcesBuildPhase;
			buildActionMask = 2147483647;
			files = (
				02350C1F1EF8A70500ABDAC9 /* Xcode8GithubUITests.swift in Sources */,
			);
			runOnlyForDeploymentPostprocessing = 0;
		};
/* End PBXSourcesBuildPhase section */

/* Begin PBXTargetDependency section */
		02350C111EF8A70500ABDAC9 /* PBXTargetDependency */ = {
			isa = PBXTargetDependency;
			target = 02350BFD1EF8A70500ABDAC9 /* Xcode8Github */;
			targetProxy = 02350C101EF8A70500ABDAC9 /* PBXContainerItemProxy */;
		};
		02350C1C1EF8A70500ABDAC9 /* PBXTargetDependency */ = {
			isa = PBXTargetDependency;
			target = 02350BFD1EF8A70500ABDAC9 /* Xcode8Github */;
			targetProxy = 02350C1B1EF8A70500ABDAC9 /* PBXContainerItemProxy */;
		};
/* End PBXTargetDependency section */

/* Begin PBXVariantGroup section */
		02350C071EF8A70500ABDAC9 /* Main.storyboard */ = {
			isa = PBXVariantGroup;
			children = (
				02350C081EF8A70500ABDAC9 /* Base */,
			);
			name = Main.storyboard;
			sourceTree = "<group>";
		};
/* End PBXVariantGroup section */

/* Begin XCBuildConfiguration section */
		02350C211EF8A70500ABDAC9 /* Debug */ = {
			isa = XCBuildConfiguration;
			buildSettings = {
				ALWAYS_SEARCH_USER_PATHS = NO;
				CLANG_ANALYZER_NONNULL = YES;
				CLANG_ANALYZER_NUMBER_OBJECT_CONVERSION = YES_AGGRESSIVE;
				CLANG_CXX_LANGUAGE_STANDARD = "gnu++0x";
				CLANG_CXX_LIBRARY = "libc++";
				CLANG_ENABLE_MODULES = YES;
				CLANG_ENABLE_OBJC_ARC = YES;
				CLANG_WARN_BOOL_CONVERSION = YES;
				CLANG_WARN_CONSTANT_CONVERSION = YES;
				CLANG_WARN_DIRECT_OBJC_ISA_USAGE = YES_ERROR;
				CLANG_WARN_DOCUMENTATION_COMMENTS = YES;
				CLANG_WARN_EMPTY_BODY = YES;
				CLANG_WARN_ENUM_CONVERSION = YES;
				CLANG_WARN_INFINITE_RECURSION = YES;
				CLANG_WARN_INT_CONVERSION = YES;
				CLANG_WARN_OBJC_ROOT_CLASS = YES_ERROR;
				CLANG_WARN_SUSPICIOUS_MOVE = YES;
				CLANG_WARN_UNREACHABLE_CODE = YES;
				CLANG_WARN__DUPLICATE_METHOD_MATCH = YES;
				CODE_SIGN_IDENTITY = "-";
				COPY_PHASE_STRIP = NO;
				DEBUG_INFORMATION_FORMAT = dwarf;
				ENABLE_STRICT_OBJC_MSGSEND = YES;
				ENABLE_TESTABILITY = YES;
				GCC_C_LANGUAGE_STANDARD = gnu99;
				GCC_DYNAMIC_NO_PIC = NO;
				GCC_NO_COMMON_BLOCKS = YES;
				GCC_OPTIMIZATION_LEVEL = 0;
				GCC_PREPROCESSOR_DEFINITIONS = (
					"DEBUG=1",
					"$(inherited)",
				);
				GCC_WARN_64_TO_32_BIT_CONVERSION = YES;
				GCC_WARN_ABOUT_RETURN_TYPE = YES_ERROR;
				GCC_WARN_UNDECLARED_SELECTOR = YES;
				GCC_WARN_UNINITIALIZED_AUTOS = YES_AGGRESSIVE;
				GCC_WARN_UNUSED_FUNCTION = YES;
				GCC_WARN_UNUSED_VARIABLE = YES;
				MACOSX_DEPLOYMENT_TARGET = 10.12;
				MTL_ENABLE_DEBUG_INFO = YES;
				ONLY_ACTIVE_ARCH = YES;
				SDKROOT = macosx;
				SWIFT_ACTIVE_COMPILATION_CONDITIONS = DEBUG;
				SWIFT_OPTIMIZATION_LEVEL = "-Onone";
			};
			name = Debug;
		};
		02350C221EF8A70500ABDAC9 /* Release */ = {
			isa = XCBuildConfiguration;
			buildSettings = {
				ALWAYS_SEARCH_USER_PATHS = NO;
				CLANG_ANALYZER_NONNULL = YES;
				CLANG_ANALYZER_NUMBER_OBJECT_CONVERSION = YES_AGGRESSIVE;
				CLANG_CXX_LANGUAGE_STANDARD = "gnu++0x";
				CLANG_CXX_LIBRARY = "libc++";
				CLANG_ENABLE_MODULES = YES;
				CLANG_ENABLE_OBJC_ARC = YES;
				CLANG_WARN_BOOL_CONVERSION = YES;
				CLANG_WARN_CONSTANT_CONVERSION = YES;
				CLANG_WARN_DIRECT_OBJC_ISA_USAGE = YES_ERROR;
				CLANG_WARN_DOCUMENTATION_COMMENTS = YES;
				CLANG_WARN_EMPTY_BODY = YES;
				CLANG_WARN_ENUM_CONVERSION = YES;
				CLANG_WARN_INFINITE_RECURSION = YES;
				CLANG_WARN_INT_CONVERSION = YES;
				CLANG_WARN_OBJC_ROOT_CLASS = YES_ERROR;
				CLANG_WARN_SUSPICIOUS_MOVE = YES;
				CLANG_WARN_UNREACHABLE_CODE = YES;
				CLANG_WARN__DUPLICATE_METHOD_MATCH = YES;
				CODE_SIGN_IDENTITY = "-";
				COPY_PHASE_STRIP = NO;
				DEBUG_INFORMATION_FORMAT = "dwarf-with-dsym";
				ENABLE_NS_ASSERTIONS = NO;
				ENABLE_STRICT_OBJC_MSGSEND = YES;
				GCC_C_LANGUAGE_STANDARD = gnu99;
				GCC_NO_COMMON_BLOCKS = YES;
				GCC_WARN_64_TO_32_BIT_CONVERSION = YES;
				GCC_WARN_ABOUT_RETURN_TYPE = YES_ERROR;
				GCC_WARN_UNDECLARED_SELECTOR = YES;
				GCC_WARN_UNINITIALIZED_AUTOS = YES_AGGRESSIVE;
				GCC_WARN_UNUSED_FUNCTION = YES;
				GCC_WARN_UNUSED_VARIABLE = YES;
				MACOSX_DEPLOYMENT_TARGET = 10.12;
				MTL_ENABLE_DEBUG_INFO = NO;
				SDKROOT = macosx;
				SWIFT_OPTIMIZATION_LEVEL = "-Owholemodule";
			};
			name = Release;
		};
		02350C241EF8A70500ABDAC9 /* Debug */ = {
			isa = XCBuildConfiguration;
			buildSettings = {
				ASSETCATALOG_COMPILER_APPICON_NAME = AppIcon;
				COMBINE_HIDPI_IMAGES = YES;
				INFOPLIST_FILE = Xcode8Github/Info.plist;
				LD_RUNPATH_SEARCH_PATHS = "$(inherited) @executable_path/../Frameworks";
				PRODUCT_BUNDLE_IDENTIFIER = com.pushgeo.Xcode8Github;
				PRODUCT_NAME = "$(TARGET_NAME)";
				SWIFT_VERSION = 3.0;
			};
			name = Debug;
		};
		02350C251EF8A70500ABDAC9 /* Release */ = {
			isa = XCBuildConfiguration;
			buildSettings = {
				ASSETCATALOG_COMPILER_APPICON_NAME = AppIcon;
				COMBINE_HIDPI_IMAGES = YES;
				INFOPLIST_FILE = Xcode8Github/Info.plist;
				LD_RUNPATH_SEARCH_PATHS = "$(inherited) @executable_path/../Frameworks";
				PRODUCT_BUNDLE_IDENTIFIER = com.pushgeo.Xcode8Github;
				PRODUCT_NAME = "$(TARGET_NAME)";
				SWIFT_VERSION = 3.0;
			};
			name = Release;
		};
		02350C271EF8A70500ABDAC9 /* Debug */ = {
			isa = XCBuildConfiguration;
			buildSettings = {
				ALWAYS_EMBED_SWIFT_STANDARD_LIBRARIES = YES;
				BUNDLE_LOADER = "$(TEST_HOST)";
				COMBINE_HIDPI_IMAGES = YES;
				INFOPLIST_FILE = Xcode8GithubTests/Info.plist;
				LD_RUNPATH_SEARCH_PATHS = "$(inherited) @executable_path/../Frameworks @loader_path/../Frameworks";
				PRODUCT_BUNDLE_IDENTIFIER = com.pushgeo.Xcode8GithubTests;
				PRODUCT_NAME = "$(TARGET_NAME)";
				SWIFT_VERSION = 3.0;
				TEST_HOST = "$(BUILT_PRODUCTS_DIR)/Xcode8Github.app/Contents/MacOS/Xcode8Github";
			};
			name = Debug;
		};
		02350C281EF8A70500ABDAC9 /* Release */ = {
			isa = XCBuildConfiguration;
			buildSettings = {
				ALWAYS_EMBED_SWIFT_STANDARD_LIBRARIES = YES;
				BUNDLE_LOADER = "$(TEST_HOST)";
				COMBINE_HIDPI_IMAGES = YES;
				INFOPLIST_FILE = Xcode8GithubTests/Info.plist;
				LD_RUNPATH_SEARCH_PATHS = "$(inherited) @executable_path/../Frameworks @loader_path/../Frameworks";
				PRODUCT_BUNDLE_IDENTIFIER = com.pushgeo.Xcode8GithubTests;
				PRODUCT_NAME = "$(TARGET_NAME)";
				SWIFT_VERSION = 3.0;
				TEST_HOST = "$(BUILT_PRODUCTS_DIR)/Xcode8Github.app/Contents/MacOS/Xcode8Github";
			};
			name = Release;
		};
		02350C2A1EF8A70500ABDAC9 /* Debug */ = {
			isa = XCBuildConfiguration;
			buildSettings = {
				ALWAYS_EMBED_SWIFT_STANDARD_LIBRARIES = YES;
				COMBINE_HIDPI_IMAGES = YES;
				INFOPLIST_FILE = Xcode8GithubUITests/Info.plist;
				LD_RUNPATH_SEARCH_PATHS = "$(inherited) @executable_path/../Frameworks @loader_path/../Frameworks";
				PRODUCT_BUNDLE_IDENTIFIER = com.pushgeo.Xcode8GithubUITests;
				PRODUCT_NAME = "$(TARGET_NAME)";
				SWIFT_VERSION = 3.0;
				TEST_TARGET_NAME = Xcode8Github;
			};
			name = Debug;
		};
		02350C2B1EF8A70500ABDAC9 /* Release */ = {
			isa = XCBuildConfiguration;
			buildSettings = {
				ALWAYS_EMBED_SWIFT_STANDARD_LIBRARIES = YES;
				COMBINE_HIDPI_IMAGES = YES;
				INFOPLIST_FILE = Xcode8GithubUITests/Info.plist;
				LD_RUNPATH_SEARCH_PATHS = "$(inherited) @executable_path/../Frameworks @loader_path/../Frameworks";
				PRODUCT_BUNDLE_IDENTIFIER = com.pushgeo.Xcode8GithubUITests;
				PRODUCT_NAME = "$(TARGET_NAME)";
				SWIFT_VERSION = 3.0;
				TEST_TARGET_NAME = Xcode8Github;
			};
			name = Release;
		};
/* End XCBuildConfiguration section */

/* Begin XCConfigurationList section */
		02350BF91EF8A70500ABDAC9 /* Build configuration list for PBXProject "Xcode8Github" */ = {
			isa = XCConfigurationList;
			buildConfigurations = (
				02350C211EF8A70500ABDAC9 /* Debug */,
				02350C221EF8A70500ABDAC9 /* Release */,
			);
			defaultConfigurationIsVisible = 0;
			defaultConfigurationName = Release;
		};
		02350C231EF8A70500ABDAC9 /* Build configuration list for PBXNativeTarget "Xcode8Github" */ = {
			isa = XCConfigurationList;
			buildConfigurations = (
				02350C241EF8A70500ABDAC9 /* Debug */,
				02350C251EF8A70500ABDAC9 /* Release */,
			);
			defaultConfigurationIsVisible = 0;
		};
		02350C261EF8A70500ABDAC9 /* Build configuration list for PBXNativeTarget "Xcode8GithubTests" */ = {
			isa = XCConfigurationList;
			buildConfigurations = (
				02350C271EF8A70500ABDAC9 /* Debug */,
				02350C281EF8A70500ABDAC9 /* Release */,
			);
			defaultConfigurationIsVisible = 0;
		};
		02350C291EF8A70500ABDAC9 /* Build configuration list for PBXNativeTarget "Xcode8GithubUITests" */ = {
			isa = XCConfigurationList;
			buildConfigurations = (
				02350C2A1EF8A70500ABDAC9 /* Debug */,
				02350C2B1EF8A70500ABDAC9 /* Release */,
			);
			defaultConfigurationIsVisible = 0;
		};
/* End XCConfigurationList section */
	};
	rootObject = 02350BF61EF8A70500ABDAC9 /* Project object */;
}
